<?xml version="1.0" encoding="UTF-8"?>
<!DOCTYPE plist PUBLIC "-//Apple//DTD PLIST 1.0//EN" "http://www.apple.com/DTDs/PropertyList-1.0.dtd">
<plist version="1.0">
<dict>
	<key>archiveVersion</key>
	<string>1</string>
	<key>classes</key>
	<dict/>
	<key>objectVersion</key>
	<string>56</string>
	<key>objects</key>
	<dict>
		<key>6BF52A1E3F254037B1639123</key>
		<dict>
			<key>isa</key>
			<string>PBXProject</string>
			<key>attributes</key>
			<dict>
				<key>BuildIndependentTargetsInParallel</key>
				<integer>1</integer>
				<key>LastSwiftUpdateCheck</key>
				<string>1540</string>
				<key>LastUpgradeCheck</key>
				<string>1540</string>
				<key>TargetAttributes</key>
				<dict>
					<key>8449AF70E3FC411094099108</key>
					<dict>
						<key>CreatedOnToolsVersion</key>
						<string>15.4</string>
					</dict>
				</dict>
			</dict>
			<key>buildConfigurationList</key>
			<string>C2088182677E4A45AA351900</string>
			<key>compatibilityVersion</key>
			<string>Xcode 14.0</string>
			<key>developmentRegion</key>
			<string>zh-Hans</string>
			<key>hasScannedForEncodings</key>
			<integer>0</integer>
			<key>knownRegions</key>
			<array>
				<string>zh-Hans</string>
				<string>en</string>
				<string>Base</string>
			</array>
			<key>mainGroup</key>
			<string>5F16D26E5471463C81EC3EC9</string>
			<key>productRefGroup</key>
			<string>192AE58A1A26489681BD1377</string>
			<key>projectDirPath</key>
			<string></string>
			<key>projectRoot</key>
			<string></string>
			<key>targets</key>
			<array>
				<string>8449AF70E3FC411094099108</string>
			</array>
		</dict>
		<key>5F16D26E5471463C81EC3EC9</key>
		<dict>
			<key>isa</key>
			<string>PBXGroup</string>
			<key>children</key>
			<array>
				<string>98D094DD7C5445CBBE3D5075</string>
				<string>696A883A4DE7431898BCFCF0</string>
				<string>E84E152C9FA44336AF5ACC3C</string>
				<string>192AE58A1A26489681BD1377</string>
			</array>
			<key>sourceTree</key>
			<string>&lt;group&gt;</string>
		</dict>
		<key>98D094DD7C5445CBBE3D5075</key>
		<dict>
			<key>isa</key>
			<string>PBXGroup</string>
			<key>children</key>
			<array>
				<string>9F4CD2B85AF44990A37F89DA</string>
				<string>A61B4963C2D542A5942194EF</string>
				<string>324EC618772D4743A9FA21DC</string>
				<string>1D8D7877E3954103B92F5990</string>
				<string>E4C0EEDDFCA44E53AA1CC027</string>
				<string>C61420C044664BDCA449B1EA</string>
				<string>315EFF7AE7B3418D9318706D</string>
				<string>F5AD1E6617DE437191DAE6D6</string>
				<string>6F920F139FC24810A57500C8</string>
				<string>1780674D61E0449D8FB1DD74</string>
				<string>54F0405873144E7DADDE3A57</string>
				<string>9A59ACD354B74088B209A6EB</string>
				<string>0626C356382F44469175D390</string>
				<string>1C5434EA3EA141B4B44240C6</string>
				<string>AA2ACED4363646D2A88C2DD0</string>
				<string>F95F54F874A44489848C54CD</string>
				<string>49A5AEA50ABE448E9BBBBB84</string>
				<string>F207D002FDA34CDBB3691D8A</string>
				<string>692D510F199248CEB7A03F85</string>
				<string>53AACB76126F410BA72F7F09</string>
				<string>541AB7A4F6A44D4AA6C3E735</string>
				<string>0356842187154613A53F392F</string>
				<string>CD2999980DB940F48DFBB985</string>
				<string>04405655AF834A67AA0D7491</string>
				<string>3C212BA760D34B168EC95D80</string>
				<string>C07DCCC3C4174C8EBFDD3461</string>
				<string>1E92DF76BF2E429298F77F51</string>
				<string>249E59C03FA4485EBAA7DCE0</string>
				<string>C9085A27C366451995BD710F</string>
				<string>97383051171C496A965FB741</string>
				<string>A1B2C3D4E5F60718293A4B5C</string>
				<string>8C31F42F62D844F3BC8CF955</string>
				<string>C4A0DF1D3FC84C58A612C578</string>
				<string>C0968287AF2944F7BFDCC19B</string>
				<string>80BDC99D4C2143AF8E773182</string>
				<string>C80690C9508B444BB29ACC0F</string>
				<string>9518E08BD89F4DB2AB4BAEFB</string>
				<string>89104C9A8451446DBC64A05A</string>
				<string>10985FCE13404D9F81015A47</string>
				<string>817C55813190431E8A4E0004</string>
				<string>29431F7558584F3F86AE02E3</string>
				<string>E32565A6D978465688DA5B19</string>
				<string>E2C3D0C2BBDA4DE99A39A534</string>
				<string>BA251FFC3E2A4FB7AB7BE0A6</string>
				<string>6DBAAF53F0DA412780F5A755</string>
				<string>63263F3B14E34ACE988AB537</string>
				<string>054CE39D6DF84D499CEFFA8A</string>
				<string>14CEA2468D984440B2DBAADC</string>
				<string>59B9B952B4EF4F1EAFC9C238</string>
				<string>A28B2A0145E84990920BF1C5</string>
				<string>0D7879EBB3FC4B57B1E0CCE5</string>
			</array>
			<key>sourceTree</key>
			<string>&lt;group&gt;</string>
			<key>name</key>
			<string>Sources</string>
		</dict>
		<key>696A883A4DE7431898BCFCF0</key>
		<dict>
			<key>isa</key>
			<string>PBXGroup</string>
			<key>children</key>
			<array>
				<string>F619C98B40C64EA79059A948</string>
				<string>94A210A9169A493EBC42F257</string>
				<string>121B0DC7DE5748C99DCD6752</string>
			</array>
			<key>sourceTree</key>
			<string>&lt;group&gt;</string>
			<key>name</key>
			<string>Resources</string>
		</dict>
		<key>E84E152C9FA44336AF5ACC3C</key>
		<dict>
			<key>isa</key>
			<string>PBXGroup</string>
			<key>children</key>
			<array/>
			<key>sourceTree</key>
			<string>&lt;group&gt;</string>
			<key>name</key>
			<string>Frameworks</string>
		</dict>
		<key>192AE58A1A26489681BD1377</key>
		<dict>
			<key>isa</key>
			<string>PBXGroup</string>
			<key>children</key>
			<array>
				<string>D7F818ED0B7944889F29BE6D</string>
			</array>
			<key>sourceTree</key>
			<string>&lt;group&gt;</string>
			<key>name</key>
			<string>Products</string>
		</dict>
		<key>9F4CD2B85AF44990A37F89DA</key>
		<dict>
			<key>isa</key>
			<string>PBXFileReference</string>
			<key>lastKnownFileType</key>
			<string>sourcecode.swift</string>
			<key>path</key>
			<string>Scholar/ScholarApp.swift</string>
			<key>sourceTree</key>
			<string>SOURCE_ROOT</string>
		</dict>
		<key>A61B4963C2D542A5942194EF</key>
		<dict>
			<key>isa</key>
			<string>PBXFileReference</string>
			<key>lastKnownFileType</key>
			<string>sourcecode.swift</string>
			<key>path</key>
			<string>Scholar/ViewModels/AchievementViewModel.swift</string>
			<key>sourceTree</key>
			<string>SOURCE_ROOT</string>
		</dict>
		<key>324EC618772D4743A9FA21DC</key>
		<dict>
			<key>isa</key>
			<string>PBXFileReference</string>
			<key>lastKnownFileType</key>
			<string>sourcecode.swift</string>
			<key>path</key>
			<string>Scholar/ViewModels/DataDashboardViewModel.swift</string>
			<key>sourceTree</key>
			<string>SOURCE_ROOT</string>
		</dict>
		<key>1D8D7877E3954103B92F5990</key>
		<dict>
			<key>isa</key>
			<string>PBXFileReference</string>
			<key>lastKnownFileType</key>
			<string>sourcecode.swift</string>
			<key>path</key>
			<string>Scholar/ViewModels/HealthViewModel.swift</string>
			<key>sourceTree</key>
			<string>SOURCE_ROOT</string>
		</dict>
		<key>E4C0EEDDFCA44E53AA1CC027</key>
		<dict>
			<key>isa</key>
			<string>PBXFileReference</string>
			<key>lastKnownFileType</key>
			<string>sourcecode.swift</string>
			<key>path</key>
			<string>Scholar/ViewModels/MentalCareViewModel.swift</string>
			<key>sourceTree</key>
			<string>SOURCE_ROOT</string>
		</dict>
		<key>C61420C044664BDCA449B1EA</key>
		<dict>
			<key>isa</key>
			<string>PBXFileReference</string>
			<key>lastKnownFileType</key>
			<string>sourcecode.swift</string>
			<key>path</key>
			<string>Scholar/ViewModels/OverviewViewModel.swift</string>
			<key>sourceTree</key>
			<string>SOURCE_ROOT</string>
		</dict>
		<key>315EFF7AE7B3418D9318706D</key>
		<dict>
			<key>isa</key>
			<string>PBXFileReference</string>
			<key>lastKnownFileType</key>
			<string>sourcecode.swift</string>
			<key>path</key>
			<string>Scholar/ViewModels/ProjectManagementViewModel.swift</string>
			<key>sourceTree</key>
			<string>SOURCE_ROOT</string>
		</dict>
		<key>F5AD1E6617DE437191DAE6D6</key>
		<dict>
			<key>isa</key>
			<string>PBXFileReference</string>
			<key>lastKnownFileType</key>
			<string>sourcecode.swift</string>
			<key>path</key>
			<string>Scholar/ViewModels/SubmissionViewModel.swift</string>
			<key>sourceTree</key>
			<string>SOURCE_ROOT</string>
		</dict>
		<key>6F920F139FC24810A57500C8</key>
		<dict>
			<key>isa</key>
			<string>PBXFileReference</string>
			<key>lastKnownFileType</key>
			<string>sourcecode.swift</string>
			<key>path</key>
			<string>Scholar/ViewModels/ThesisManagementViewModel.swift</string>
			<key>sourceTree</key>
			<string>SOURCE_ROOT</string>
		</dict>
		<key>1780674D61E0449D8FB1DD74</key>
		<dict>
			<key>isa</key>
			<string>PBXFileReference</string>
			<key>lastKnownFileType</key>
			<string>sourcecode.swift</string>
			<key>path</key>
			<string>Scholar/Models/Achievement.swift</string>
			<key>sourceTree</key>
			<string>SOURCE_ROOT</string>
		</dict>
		<key>54F0405873144E7DADDE3A57</key>
		<dict>
			<key>isa</key>
			<string>PBXFileReference</string>
			<key>lastKnownFileType</key>
			<string>sourcecode.swift</string>
			<key>path</key>
			<string>Scholar/Models/Chapter.swift</string>
			<key>sourceTree</key>
			<string>SOURCE_ROOT</string>
		</dict>
		<key>9A59ACD354B74088B209A6EB</key>
		<dict>
			<key>isa</key>
			<string>PBXFileReference</string>
			<key>lastKnownFileType</key>
			<string>sourcecode.swift</string>
			<key>path</key>
			<string>Scholar/Models/CheckInRecord.swift</string>
			<key>sourceTree</key>
			<string>SOURCE_ROOT</string>
		</dict>
		<key>0626C356382F44469175D390</key>
		<dict>
			<key>isa</key>
			<string>PBXFileReference</string>
			<key>lastKnownFileType</key>
			<string>sourcecode.swift</string>
			<key>path</key>
			<string>Scholar/Models/Enums.swift</string>
			<key>sourceTree</key>
			<string>SOURCE_ROOT</string>
		</dict>
		<key>1C5434EA3EA141B4B44240C6</key>
		<dict>
			<key>isa</key>
			<string>PBXFileReference</string>
			<key>lastKnownFileType</key>
			<string>sourcecode.swift</string>
			<key>path</key>
			<string>Scholar/Models/FileAttachment.swift</string>
			<key>sourceTree</key>
			<string>SOURCE_ROOT</string>
		</dict>
		<key>AA2ACED4363646D2A88C2DD0</key>
		<dict>
			<key>isa</key>
			<string>PBXFileReference</string>
			<key>lastKnownFileType</key>
			<string>sourcecode.swift</string>
			<key>path</key>
			<string>Scholar/Models/FocusSession.swift</string>
			<key>sourceTree</key>
			<string>SOURCE_ROOT</string>
		</dict>
		<key>F95F54F874A44489848C54CD</key>
		<dict>
			<key>isa</key>
			<string>PBXFileReference</string>
			<key>lastKnownFileType</key>
			<string>sourcecode.swift</string>
			<key>path</key>
			<string>Scholar/Models/HealthHabit.swift</string>
			<key>sourceTree</key>
			<string>SOURCE_ROOT</string>
		</dict>
		<key>49A5AEA50ABE448E9BBBBB84</key>
		<dict>
			<key>isa</key>
			<string>PBXFileReference</string>
			<key>lastKnownFileType</key>
			<string>sourcecode.swift</string>
			<key>path</key>
			<string>Scholar/Models/HealthRecord.swift</string>
			<key>sourceTree</key>
			<string>SOURCE_ROOT</string>
		</dict>
		<key>F207D002FDA34CDBB3691D8A</key>
		<dict>
			<key>isa</key>
			<string>PBXFileReference</string>
			<key>lastKnownFileType</key>
			<string>sourcecode.swift</string>
			<key>path</key>
			<string>Scholar/Models/MentalCareRecord.swift</string>
			<key>sourceTree</key>
			<string>SOURCE_ROOT</string>
		</dict>
		<key>692D510F199248CEB7A03F85</key>
		<dict>
			<key>isa</key>
			<string>PBXFileReference</string>
			<key>lastKnownFileType</key>
			<string>sourcecode.swift</string>
			<key>path</key>
			<string>Scholar/Models/Milestone.swift</string>
			<key>sourceTree</key>
			<string>SOURCE_ROOT</string>
		</dict>
		<key>53AACB76126F410BA72F7F09</key>
		<dict>
			<key>isa</key>
			<string>PBXFileReference</string>
			<key>lastKnownFileType</key>
			<string>sourcecode.swift</string>
			<key>path</key>
			<string>Scholar/Models/Project.swift</string>
			<key>sourceTree</key>
			<string>SOURCE_ROOT</string>
		</dict>
		<key>541AB7A4F6A44D4AA6C3E735</key>
		<dict>
			<key>isa</key>
			<string>PBXFileReference</string>
			<key>lastKnownFileType</key>
			<string>sourcecode.swift</string>
			<key>path</key>
			<string>Scholar/Models/ScheduleBlock.swift</string>
			<key>sourceTree</key>
			<string>SOURCE_ROOT</string>
		</dict>
		<key>0356842187154613A53F392F</key>
		<dict>
			<key>isa</key>
			<string>PBXFileReference</string>
			<key>lastKnownFileType</key>
			<string>sourcecode.swift</string>
			<key>path</key>
			<string>Scholar/Models/Submission.swift</string>
			<key>sourceTree</key>
			<string>SOURCE_ROOT</string>
		</dict>
		<key>CD2999980DB940F48DFBB985</key>
		<dict>
			<key>isa</key>
			<string>PBXFileReference</string>
			<key>lastKnownFileType</key>
			<string>sourcecode.swift</string>
			<key>path</key>
			<string>Scholar/Models/SubmissionLog.swift</string>
			<key>sourceTree</key>
			<string>SOURCE_ROOT</string>
		</dict>
		<key>04405655AF834A67AA0D7491</key>
		<dict>
			<key>isa</key>
			<string>PBXFileReference</string>
			<key>lastKnownFileType</key>
			<string>sourcecode.swift</string>
			<key>path</key>
			<string>Scholar/Models/Task.swift</string>
			<key>sourceTree</key>
			<string>SOURCE_ROOT</string>
		</dict>
		<key>3C212BA760D34B168EC95D80</key>
		<dict>
			<key>isa</key>
			<string>PBXFileReference</string>
			<key>lastKnownFileType</key>
			<string>sourcecode.swift</string>
			<key>path</key>
			<string>Scholar/Models/ThesisInfo.swift</string>
			<key>sourceTree</key>
			<string>SOURCE_ROOT</string>
		</dict>
		<key>C07DCCC3C4174C8EBFDD3461</key>
		<dict>
			<key>isa</key>
			<string>PBXFileReference</string>
			<key>lastKnownFileType</key>
			<string>sourcecode.swift</string>
			<key>path</key>
			<string>Scholar/Models/ThesisLog.swift</string>
			<key>sourceTree</key>
			<string>SOURCE_ROOT</string>
		</dict>
		<key>1E92DF76BF2E429298F77F51</key>
		<dict>
			<key>isa</key>
			<string>PBXFileReference</string>
			<key>lastKnownFileType</key>
			<string>sourcecode.swift</string>
			<key>path</key>
			<string>Scholar/Utilities/Animations.swift</string>
			<key>sourceTree</key>
			<string>SOURCE_ROOT</string>
		</dict>
		<key>249E59C03FA4485EBAA7DCE0</key>
		<dict>
			<key>isa</key>
			<string>PBXFileReference</string>
			<key>lastKnownFileType</key>
			<string>sourcecode.swift</string>
			<key>path</key>
			<string>Scholar/Utilities/Extensions.swift</string>
			<key>sourceTree</key>
			<string>SOURCE_ROOT</string>
		</dict>
		<key>C9085A27C366451995BD710F</key>
		<dict>
			<key>isa</key>
			<string>PBXFileReference</string>
			<key>lastKnownFileType</key>
			<string>sourcecode.swift</string>
			<key>path</key>
			<string>Scholar/Utilities/Theme.swift</string>
			<key>sourceTree</key>
			<string>SOURCE_ROOT</string>
		</dict>
		<key>97383051171C496A965FB741</key>
		<dict>
			<key>isa</key>
			<string>PBXFileReference</string>
			<key>lastKnownFileType</key>
			<string>sourcecode.swift</string>
			<key>path</key>
			<string>Scholar/Views/MainContentView.swift</string>
			<key>sourceTree</key>
			<string>SOURCE_ROOT</string>
		</dict>
		<key>A1B2C3D4E5F60718293A4B5C</key>
		<dict>
			<key>isa</key>
			<string>PBXFileReference</string>
			<key>lastKnownFileType</key>
			<string>sourcecode.swift</string>
			<key>path</key>
			<string>Scholar/Views/TodoManagement/TodoManagementView.swift</string>
			<key>sourceTree</key>
			<string>SOURCE_ROOT</string>
		</dict>
		<key>8C31F42F62D844F3BC8CF955</key>
		<dict>
			<key>isa</key>
			<string>PBXFileReference</string>
			<key>lastKnownFileType</key>
			<string>sourcecode.swift</string>
			<key>path</key>
			<string>Scholar/Views/WorkspaceSelectionView.swift</string>
			<key>sourceTree</key>
			<string>SOURCE_ROOT</string>
		</dict>
		<key>C4A0DF1D3FC84C58A612C578</key>
		<dict>
			<key>isa</key>
			<string>PBXFileReference</string>
			<key>lastKnownFileType</key>
			<string>sourcecode.swift</string>
			<key>path</key>
			<string>Scholar/Views/AchievementHall/AchievementView.swift</string>
			<key>sourceTree</key>
			<string>SOURCE_ROOT</string>
		</dict>
		<key>C0968287AF2944F7BFDCC19B</key>
		<dict>
			<key>isa</key>
			<string>PBXFileReference</string>
			<key>lastKnownFileType</key>
			<string>sourcecode.swift</string>
			<key>path</key>
			<string>Scholar/Views/MentalCare/MentalCareView.swift</string>
			<key>sourceTree</key>
			<string>SOURCE_ROOT</string>
		</dict>
		<key>80BDC99D4C2143AF8E773182</key>
		<dict>
			<key>isa</key>
			<string>PBXFileReference</string>
			<key>lastKnownFileType</key>
			<string>sourcecode.swift</string>
			<key>path</key>
			<string>Scholar/Views/SubmissionManagement/SubmissionView.swift</string>
			<key>sourceTree</key>
			<string>SOURCE_ROOT</string>
		</dict>
		<key>C80690C9508B444BB29ACC0F</key>
		<dict>
			<key>isa</key>
			<string>PBXFileReference</string>
			<key>lastKnownFileType</key>
			<string>sourcecode.swift</string>
			<key>path</key>
			<string>Scholar/Views/DataManagement/DataManagementView.swift</string>
			<key>sourceTree</key>
			<string>SOURCE_ROOT</string>
		</dict>
		<key>9518E08BD89F4DB2AB4BAEFB</key>
		<dict>
			<key>isa</key>
			<string>PBXFileReference</string>
			<key>lastKnownFileType</key>
			<string>sourcecode.swift</string>
			<key>path</key>
			<string>Scholar/Views/Components/Buttons.swift</string>
			<key>sourceTree</key>
			<string>SOURCE_ROOT</string>
		</dict>
		<key>89104C9A8451446DBC64A05A</key>
		<dict>
			<key>isa</key>
			<string>PBXFileReference</string>
			<key>lastKnownFileType</key>
			<string>sourcecode.swift</string>
			<key>path</key>
			<string>Scholar/Views/Components/Cards.swift</string>
			<key>sourceTree</key>
			<string>SOURCE_ROOT</string>
		</dict>
		<key>10985FCE13404D9F81015A47</key>
		<dict>
			<key>isa</key>
			<string>PBXFileReference</string>
			<key>lastKnownFileType</key>
			<string>sourcecode.swift</string>
			<key>path</key>
			<string>Scholar/Views/Components/StatCardView.swift</string>
			<key>sourceTree</key>
			<string>SOURCE_ROOT</string>
		</dict>
		<key>817C55813190431E8A4E0004</key>
		<dict>
			<key>isa</key>
			<string>PBXFileReference</string>
			<key>lastKnownFileType</key>
			<string>sourcecode.swift</string>
			<key>path</key>
			<string>Scholar/Views/HealthManagement/HealthView.swift</string>
			<key>sourceTree</key>
			<string>SOURCE_ROOT</string>
		</dict>
		<key>29431F7558584F3F86AE02E3</key>
		<dict>
			<key>isa</key>
			<string>PBXFileReference</string>
			<key>lastKnownFileType</key>
			<string>sourcecode.swift</string>
			<key>path</key>
			<string>Scholar/Views/ThesisManagement/ThesesSectionView.swift</string>
			<key>sourceTree</key>
			<string>SOURCE_ROOT</string>
		</dict>
		<key>E32565A6D978465688DA5B19</key>
		<dict>
			<key>isa</key>
			<string>PBXFileReference</string>
			<key>lastKnownFileType</key>
			<string>sourcecode.swift</string>
			<key>path</key>
			<string>Scholar/Views/ThesisManagement/ThesisManagementView.swift</string>
			<key>sourceTree</key>
			<string>SOURCE_ROOT</string>
		</dict>
		<key>E2C3D0C2BBDA4DE99A39A534</key>
		<dict>
			<key>isa</key>
			<string>PBXFileReference</string>
			<key>lastKnownFileType</key>
			<string>sourcecode.swift</string>
			<key>path</key>
			<string>Scholar/Views/ThesisManagement/ThesisTasksSectionView.swift</string>
			<key>sourceTree</key>
			<string>SOURCE_ROOT</string>
		</dict>
		<key>BA251FFC3E2A4FB7AB7BE0A6</key>
		<dict>
			<key>isa</key>
			<string>PBXFileReference</string>
			<key>lastKnownFileType</key>
			<string>sourcecode.swift</string>
			<key>path</key>
			<string>Scholar/Views/ProjectManagement/ProjectManagementView.swift</string>
			<key>sourceTree</key>
			<string>SOURCE_ROOT</string>
		</dict>
		<key>6DBAAF53F0DA412780F5A755</key>
		<dict>
			<key>isa</key>
			<string>PBXFileReference</string>
			<key>lastKnownFileType</key>
			<string>sourcecode.swift</string>
			<key>path</key>
			<string>Scholar/Views/ProjectManagement/ProjectsSectionView.swift</string>
			<key>sourceTree</key>
			<string>SOURCE_ROOT</string>
		</dict>
		<key>63263F3B14E34ACE988AB537</key>
		<dict>
			<key>isa</key>
			<string>PBXFileReference</string>
			<key>lastKnownFileType</key>
			<string>sourcecode.swift</string>
			<key>path</key>
			<string>Scholar/Views/ProjectManagement/TasksSectionView.swift</string>
			<key>sourceTree</key>
			<string>SOURCE_ROOT</string>
		</dict>
		<key>054CE39D6DF84D499CEFFA8A</key>
		<dict>
			<key>isa</key>
			<string>PBXFileReference</string>
			<key>lastKnownFileType</key>
			<string>sourcecode.swift</string>
			<key>path</key>
			<string>Scholar/Views/Overview/OverviewView.swift</string>
			<key>sourceTree</key>
			<string>SOURCE_ROOT</string>
		</dict>
		<key>14CEA2468D984440B2DBAADC</key>
		<dict>
			<key>isa</key>
			<string>PBXFileReference</string>
			<key>lastKnownFileType</key>
			<string>sourcecode.swift</string>
			<key>path</key>
			<string>Scholar/Views/Overview/TodayExecutionView.swift</string>
			<key>sourceTree</key>
			<string>SOURCE_ROOT</string>
		</dict>
		<key>59B9B952B4EF4F1EAFC9C238</key>
		<dict>
			<key>isa</key>
			<string>PBXFileReference</string>
			<key>lastKnownFileType</key>
			<string>sourcecode.swift</string>
			<key>path</key>
			<string>Scholar/Views/Overview/TodaySnapshotView.swift</string>
			<key>sourceTree</key>
			<string>SOURCE_ROOT</string>
		</dict>
		<key>A28B2A0145E84990920BF1C5</key>
		<dict>
			<key>isa</key>
			<string>PBXFileReference</string>
			<key>lastKnownFileType</key>
			<string>sourcecode.swift</string>
			<key>path</key>
			<string>Scholar/Views/DataDashboard/DataDashboardView.swift</string>
			<key>sourceTree</key>
			<string>SOURCE_ROOT</string>
		</dict>
		<key>0D7879EBB3FC4B57B1E0CCE5</key>
		<dict>
			<key>isa</key>
			<string>PBXFileReference</string>
			<key>lastKnownFileType</key>
			<string>sourcecode.swift</string>
			<key>path</key>
			<string>Scholar/Services/AppDataStore.swift</string>
			<key>sourceTree</key>
			<string>SOURCE_ROOT</string>
		</dict>
		<key>94A210A9169A493EBC42F257</key>
		<dict>
			<key>isa</key>
			<string>PBXFileReference</string>
			<key>lastKnownFileType</key>
			<string>folder.assetcatalog</string>
			<key>path</key>
			<string>Scholar/Assets.xcassets</string>
			<key>sourceTree</key>
			<string>SOURCE_ROOT</string>
		</dict>
		<key>121B0DC7DE5748C99DCD6752</key>
		<dict>
			<key>isa</key>
			<string>PBXFileReference</string>
			<key>lastKnownFileType</key>
			<string>folder.assetcatalog</string>
			<key>path</key>
			<string>Scholar/Resources/Assets.xcassets</string>
			<key>sourceTree</key>
			<string>SOURCE_ROOT</string>
		</dict>
		<key>F619C98B40C64EA79059A948</key>
		<dict>
			<key>isa</key>
			<string>PBXFileReference</string>
			<key>lastKnownFileType</key>
			<string>text.plist.xml</string>
			<key>path</key>
			<string>Scholar/Info.plist</string>
			<key>sourceTree</key>
			<string>SOURCE_ROOT</string>
		</dict>
		<key>D7F818ED0B7944889F29BE6D</key>
		<dict>
			<key>isa</key>
			<string>PBXFileReference</string>
			<key>explicitFileType</key>
			<string>wrapper.application</string>
			<key>includeInIndex</key>
			<integer>0</integer>
			<key>path</key>
			<string>Scholar.app</string>
			<key>sourceTree</key>
			<string>BUILT_PRODUCTS_DIR</string>
		</dict>
		<key>29AFEF3C81EC46D5A75A7CD7</key>
		<dict>
			<key>isa</key>
			<string>PBXBuildFile</string>
			<key>fileRef</key>
			<string>9F4CD2B85AF44990A37F89DA</string>
		</dict>
		<key>E0A26282E4164213B45CFC35</key>
		<dict>
			<key>isa</key>
			<string>PBXBuildFile</string>
			<key>fileRef</key>
			<string>A61B4963C2D542A5942194EF</string>
		</dict>
		<key>685AC181072F48E69730F126</key>
		<dict>
			<key>isa</key>
			<string>PBXBuildFile</string>
			<key>fileRef</key>
			<string>324EC618772D4743A9FA21DC</string>
		</dict>
		<key>5894D96E90DB416984DC81E8</key>
		<dict>
			<key>isa</key>
			<string>PBXBuildFile</string>
			<key>fileRef</key>
			<string>1D8D7877E3954103B92F5990</string>
		</dict>
		<key>6246390B5D6A4506BD5F3D93</key>
		<dict>
			<key>isa</key>
			<string>PBXBuildFile</string>
			<key>fileRef</key>
			<string>E4C0EEDDFCA44E53AA1CC027</string>
		</dict>
		<key>93E2ECEC20C44A90880A8015</key>
		<dict>
			<key>isa</key>
			<string>PBXBuildFile</string>
			<key>fileRef</key>
			<string>C61420C044664BDCA449B1EA</string>
		</dict>
		<key>371C5F45D4B547F38268C680</key>
		<dict>
			<key>isa</key>
			<string>PBXBuildFile</string>
			<key>fileRef</key>
			<string>315EFF7AE7B3418D9318706D</string>
		</dict>
		<key>1E8554A24AE4445E91FD5EFA</key>
		<dict>
			<key>isa</key>
			<string>PBXBuildFile</string>
			<key>fileRef</key>
			<string>F5AD1E6617DE437191DAE6D6</string>
		</dict>
		<key>6E7868AB604F478B84140791</key>
		<dict>
			<key>isa</key>
			<string>PBXBuildFile</string>
			<key>fileRef</key>
			<string>6F920F139FC24810A57500C8</string>
		</dict>
		<key>7DF18D0875CE476889D6B596</key>
		<dict>
			<key>isa</key>
			<string>PBXBuildFile</string>
			<key>fileRef</key>
			<string>1780674D61E0449D8FB1DD74</string>
		</dict>
		<key>31A8AB7F3CF641EF95FBDDDD</key>
		<dict>
			<key>isa</key>
			<string>PBXBuildFile</string>
			<key>fileRef</key>
			<string>54F0405873144E7DADDE3A57</string>
		</dict>
		<key>36465C29C47C4B2AAD26105A</key>
		<dict>
			<key>isa</key>
			<string>PBXBuildFile</string>
			<key>fileRef</key>
			<string>9A59ACD354B74088B209A6EB</string>
		</dict>
		<key>C1DB575D9E434E519C2FA93B</key>
		<dict>
			<key>isa</key>
			<string>PBXBuildFile</string>
			<key>fileRef</key>
			<string>0626C356382F44469175D390</string>
		</dict>
		<key>FAC732AAECD04A439A1F8AFE</key>
		<dict>
			<key>isa</key>
			<string>PBXBuildFile</string>
			<key>fileRef</key>
			<string>1C5434EA3EA141B4B44240C6</string>
		</dict>
		<key>ADC5E7D5A9124D1182C2F1EA</key>
		<dict>
			<key>isa</key>
			<string>PBXBuildFile</string>
			<key>fileRef</key>
			<string>AA2ACED4363646D2A88C2DD0</string>
		</dict>
		<key>58EA51F12AAE4E8C840EE1AE</key>
		<dict>
			<key>isa</key>
			<string>PBXBuildFile</string>
			<key>fileRef</key>
			<string>F95F54F874A44489848C54CD</string>
		</dict>
		<key>C362741FB36C4479920D6555</key>
		<dict>
			<key>isa</key>
			<string>PBXBuildFile</string>
			<key>fileRef</key>
			<string>49A5AEA50ABE448E9BBBBB84</string>
		</dict>
		<key>BD78005450C24127BAB94BC5</key>
		<dict>
			<key>isa</key>
			<string>PBXBuildFile</string>
			<key>fileRef</key>
			<string>F207D002FDA34CDBB3691D8A</string>
		</dict>
		<key>DAF8E60C6043402790F48ED7</key>
		<dict>
			<key>isa</key>
			<string>PBXBuildFile</string>
			<key>fileRef</key>
			<string>692D510F199248CEB7A03F85</string>
		</dict>
		<key>A6F3EA852B7044C09887E858</key>
		<dict>
			<key>isa</key>
			<string>PBXBuildFile</string>
			<key>fileRef</key>
			<string>53AACB76126F410BA72F7F09</string>
		</dict>
		<key>75C9BF0E8C554F58B8CFCEDA</key>
		<dict>
			<key>isa</key>
			<string>PBXBuildFile</string>
			<key>fileRef</key>
			<string>541AB7A4F6A44D4AA6C3E735</string>
		</dict>
		<key>09EEA5735AC94BF69D208B9A</key>
		<dict>
			<key>isa</key>
			<string>PBXBuildFile</string>
			<key>fileRef</key>
			<string>0356842187154613A53F392F</string>
		</dict>
		<key>5D3ECE7FD9384A588AAE813D</key>
		<dict>
			<key>isa</key>
			<string>PBXBuildFile</string>
			<key>fileRef</key>
			<string>CD2999980DB940F48DFBB985</string>
		</dict>
		<key>A9464CA596264E02A79DDA1D</key>
		<dict>
			<key>isa</key>
			<string>PBXBuildFile</string>
			<key>fileRef</key>
			<string>04405655AF834A67AA0D7491</string>
		</dict>
		<key>B68A1CC8B9044CEA896E259B</key>
		<dict>
			<key>isa</key>
			<string>PBXBuildFile</string>
			<key>fileRef</key>
			<string>3C212BA760D34B168EC95D80</string>
		</dict>
		<key>4B9779FCE47C4970988C9953</key>
		<dict>
			<key>isa</key>
			<string>PBXBuildFile</string>
			<key>fileRef</key>
			<string>C07DCCC3C4174C8EBFDD3461</string>
		</dict>
		<key>68B3BD07121C4F209B916BB5</key>
		<dict>
			<key>isa</key>
			<string>PBXBuildFile</string>
			<key>fileRef</key>
			<string>1E92DF76BF2E429298F77F51</string>
		</dict>
		<key>50EFDE772E8447448A232B51</key>
		<dict>
			<key>isa</key>
			<string>PBXBuildFile</string>
			<key>fileRef</key>
			<string>249E59C03FA4485EBAA7DCE0</string>
		</dict>
		<key>BE97674BD70744468FDAA649</key>
		<dict>
			<key>isa</key>
			<string>PBXBuildFile</string>
			<key>fileRef</key>
			<string>C9085A27C366451995BD710F</string>
		</dict>
		<key>23935EFA820A410591F6C3A5</key>
		<dict>
			<key>isa</key>
			<string>PBXBuildFile</string>
			<key>fileRef</key>
			<string>97383051171C496A965FB741</string>
		</dict>
		<key>5156746537C94C59A7B239FB</key>
		<dict>
			<key>isa</key>
			<string>PBXBuildFile</string>
			<key>fileRef</key>
			<string>8C31F42F62D844F3BC8CF955</string>
		</dict>
		<key>9AE36323C7F84603A47317A3</key>
		<dict>
			<key>isa</key>
			<string>PBXBuildFile</string>
			<key>fileRef</key>
			<string>C4A0DF1D3FC84C58A612C578</string>
		</dict>
		<key>E5B2BFF5D0D048E59D86E7B7</key>
		<dict>
			<key>isa</key>
			<string>PBXBuildFile</string>
			<key>fileRef</key>
			<string>C0968287AF2944F7BFDCC19B</string>
		</dict>
		<key>2A4924F4BA854A1DA0F9BCC0</key>
		<dict>
			<key>isa</key>
			<string>PBXBuildFile</string>
			<key>fileRef</key>
			<string>80BDC99D4C2143AF8E773182</string>
		</dict>
		<key>0E79F345B4B045CC871FDF72</key>
		<dict>
			<key>isa</key>
			<string>PBXBuildFile</string>
			<key>fileRef</key>
			<string>C80690C9508B444BB29ACC0F</string>
		</dict>
		<key>EC352D41632E4827BC79C6A8</key>
		<dict>
			<key>isa</key>
			<string>PBXBuildFile</string>
			<key>fileRef</key>
			<string>9518E08BD89F4DB2AB4BAEFB</string>
		</dict>
		<key>7014C60E58C14D1AA88F6C57</key>
		<dict>
			<key>isa</key>
			<string>PBXBuildFile</string>
			<key>fileRef</key>
			<string>89104C9A8451446DBC64A05A</string>
		</dict>
		<key>6959BA323C464642A55C55E9</key>
		<dict>
			<key>isa</key>
			<string>PBXBuildFile</string>
			<key>fileRef</key>
			<string>10985FCE13404D9F81015A47</string>
		</dict>
		<key>59948ED8F1A445F2BCB39917</key>
		<dict>
			<key>isa</key>
			<string>PBXBuildFile</string>
			<key>fileRef</key>
			<string>817C55813190431E8A4E0004</string>
		</dict>
		<key>D78C6A288E2D4F76BDDE3114</key>
		<dict>
			<key>isa</key>
			<string>PBXBuildFile</string>
			<key>fileRef</key>
			<string>29431F7558584F3F86AE02E3</string>
		</dict>
		<key>0029FDBDC5944A54803745D7</key>
		<dict>
			<key>isa</key>
			<string>PBXBuildFile</string>
			<key>fileRef</key>
			<string>E32565A6D978465688DA5B19</string>
		</dict>
		<key>9B737E95396F431AB01E2D87</key>
		<dict>
			<key>isa</key>
			<string>PBXBuildFile</string>
			<key>fileRef</key>
			<string>E2C3D0C2BBDA4DE99A39A534</string>
		</dict>
		<key>17A636CDB9F44D48B8B7932F</key>
		<dict>
			<key>isa</key>
			<string>PBXBuildFile</string>
			<key>fileRef</key>
			<string>BA251FFC3E2A4FB7AB7BE0A6</string>
		</dict>
		<key>250E074FAE8943FCA89A615A</key>
		<dict>
			<key>isa</key>
			<string>PBXBuildFile</string>
			<key>fileRef</key>
			<string>6DBAAF53F0DA412780F5A755</string>
		</dict>
		<key>8B421D8D834C436DA9717053</key>
		<dict>
			<key>isa</key>
			<string>PBXBuildFile</string>
			<key>fileRef</key>
			<string>63263F3B14E34ACE988AB537</string>
		</dict>
		<key>EB0B6997C02C4B5B9D1BD492</key>
		<dict>
			<key>isa</key>
			<string>PBXBuildFile</string>
			<key>fileRef</key>
			<string>054CE39D6DF84D499CEFFA8A</string>
		</dict>
		<key>B6BD6385FB8E4A1AA64AB6CA</key>
		<dict>
			<key>isa</key>
			<string>PBXBuildFile</string>
			<key>fileRef</key>
			<string>14CEA2468D984440B2DBAADC</string>
		</dict>
		<key>70E113D3F245427E8FEC1894</key>
		<dict>
			<key>isa</key>
			<string>PBXBuildFile</string>
			<key>fileRef</key>
			<string>59B9B952B4EF4F1EAFC9C238</string>
		</dict>
		<key>C57B385924924FA0A21EA67C</key>
		<dict>
			<key>isa</key>
			<string>PBXBuildFile</string>
			<key>fileRef</key>
			<string>A28B2A0145E84990920BF1C5</string>
		</dict>
		<key>FD5F50AF4D9146BE962A694A</key>
		<dict>
			<key>isa</key>
			<string>PBXBuildFile</string>
			<key>fileRef</key>
			<string>0D7879EBB3FC4B57B1E0CCE5</string>
		</dict>
		<key>B1C2D3E4F5061728394A5B6C</key>
		<dict>
			<key>isa</key>
			<string>PBXBuildFile</string>
			<key>fileRef</key>
			<string>A1B2C3D4E5F60718293A4B5C</string>
		</dict>
		<key>E5C53EC0A54643898CEE14EA</key>
		<dict>
			<key>isa</key>
			<string>PBXBuildFile</string>
			<key>fileRef</key>
			<string>94A210A9169A493EBC42F257</string>
		</dict>
		<key>5ABC76FB555345B09A6A720B</key>
		<dict>
			<key>isa</key>
			<string>PBXBuildFile</string>
			<key>fileRef</key>
			<string>121B0DC7DE5748C99DCD6752</string>
		</dict>
		<key>8449AF70E3FC411094099108</key>
		<dict>
			<key>isa</key>
			<string>PBXNativeTarget</string>
			<key>buildConfigurationList</key>
			<string>C2088182677E4A45AA351900</string>
			<key>buildPhases</key>
			<array>
				<string>FC2A5FEA73A94C4D9521C449</string>
				<string>91E21BE58FB64669B9A1A6E1</string>
				<string>C5F72F735AA14C0AB488D48C</string>
			</array>
			<key>buildRules</key>
			<array/>
			<key>dependencies</key>
			<array/>
			<key>name</key>
			<string>Scholar</string>
			<key>productName</key>
			<string>Scholar</string>
			<key>productReference</key>
			<string>D7F818ED0B7944889F29BE6D</string>
			<key>productType</key>
			<string>com.apple.product-type.application</string>
		</dict>
		<key>FC2A5FEA73A94C4D9521C449</key>
		<dict>
			<key>isa</key>
			<string>PBXSourcesBuildPhase</string>
			<key>buildActionMask</key>
			<integer>2147483647</integer>
			<key>files</key>
			<array>
				<string>29AFEF3C81EC46D5A75A7CD7</string>
				<string>E0A26282E4164213B45CFC35</string>
				<string>685AC181072F48E69730F126</string>
				<string>5894D96E90DB416984DC81E8</string>
				<string>6246390B5D6A4506BD5F3D93</string>
				<string>93E2ECEC20C44A90880A8015</string>
				<string>371C5F45D4B547F38268C680</string>
				<string>1E8554A24AE4445E91FD5EFA</string>
				<string>6E7868AB604F478B84140791</string>
				<string>7DF18D0875CE476889D6B596</string>
				<string>31A8AB7F3CF641EF95FBDDDD</string>
				<string>36465C29C47C4B2AAD26105A</string>
				<string>C1DB575D9E434E519C2FA93B</string>
				<string>FAC732AAECD04A439A1F8AFE</string>
				<string>ADC5E7D5A9124D1182C2F1EA</string>
				<string>58EA51F12AAE4E8C840EE1AE</string>
				<string>C362741FB36C4479920D6555</string>
				<string>BD78005450C24127BAB94BC5</string>
				<string>DAF8E60C6043402790F48ED7</string>
				<string>A6F3EA852B7044C09887E858</string>
				<string>75C9BF0E8C554F58B8CFCEDA</string>
				<string>09EEA5735AC94BF69D208B9A</string>
				<string>5D3ECE7FD9384A588AAE813D</string>
				<string>A9464CA596264E02A79DDA1D</string>
				<string>B68A1CC8B9044CEA896E259B</string>
				<string>4B9779FCE47C4970988C9953</string>
				<string>68B3BD07121C4F209B916BB5</string>
				<string>50EFDE772E8447448A232B51</string>
				<string>BE97674BD70744468FDAA649</string>
				<string>23935EFA820A410591F6C3A5</string>
				<string>5156746537C94C59A7B239FB</string>
				<string>9AE36323C7F84603A47317A3</string>
				<string>E5B2BFF5D0D048E59D86E7B7</string>
				<string>2A4924F4BA854A1DA0F9BCC0</string>
				<string>0E79F345B4B045CC871FDF72</string>
				<string>EC352D41632E4827BC79C6A8</string>
				<string>7014C60E58C14D1AA88F6C57</string>
				<string>6959BA323C464642A55C55E9</string>
				<string>59948ED8F1A445F2BCB39917</string>
				<string>D78C6A288E2D4F76BDDE3114</string>
				<string>0029FDBDC5944A54803745D7</string>
				<string>9B737E95396F431AB01E2D87</string>
				<string>17A636CDB9F44D48B8B7932F</string>
				<string>250E074FAE8943FCA89A615A</string>
				<string>8B421D8D834C436DA9717053</string>
				<string>EB0B6997C02C4B5B9D1BD492</string>
				<string>B6BD6385FB8E4A1AA64AB6CA</string>
				<string>70E113D3F245427E8FEC1894</string>
				<string>C57B385924924FA0A21EA67C</string>
				<string>FD5F50AF4D9146BE962A694A</string>
				<string>B1C2D3E4F5061728394A5B6C</string>
			</array>
			<key>runOnlyForDeploymentPostprocessing</key>
			<integer>0</integer>
		</dict>
		<key>91E21BE58FB64669B9A1A6E1</key>
		<dict>
			<key>isa</key>
			<string>PBXResourcesBuildPhase</string>
			<key>buildActionMask</key>
			<integer>2147483647</integer>
			<key>files</key>
			<array>
				<string>E5C53EC0A54643898CEE14EA</string>
				<string>5ABC76FB555345B09A6A720B</string>
			</array>
			<key>runOnlyForDeploymentPostprocessing</key>
			<integer>0</integer>
		</dict>
		<key>C5F72F735AA14C0AB488D48C</key>
		<dict>
			<key>isa</key>
			<string>PBXFrameworksBuildPhase</string>
			<key>buildActionMask</key>
			<integer>2147483647</integer>
			<key>files</key>
			<array/>
			<key>runOnlyForDeploymentPostprocessing</key>
			<integer>0</integer>
		</dict>
		<key>6A8A40977DB543D29E4D19F8</key>
		<dict>
			<key>isa</key>
			<string>XCBuildConfiguration</string>
			<key>buildSettings</key>
			<dict>
				<key>ALWAYS_SEARCH_USER_PATHS</key>
				<string>NO</string>
				<key>ASSETCATALOG_COMPILER_APPICON_NAME</key>
				<string>AppIcon</string>
				<key>ASSETCATALOG_COMPILER_GENERATE_SWIFT_ASSET_SYMBOL_EXTENSIONS</key>
				<string>YES</string>
				<key>CLANG_ANALYZER_NONNULL</key>
				<string>YES</string>
				<key>CLANG_ANALYZER_NUMBER_OBJECT_CONVERSION</key>
				<string>YES_AGGRESSIVE</string>
				<key>CLANG_CXX_LANGUAGE_STANDARD</key>
				<string>gnu++20</string>
				<key>CLANG_ENABLE_MODULES</key>
				<string>YES</string>
				<key>CLANG_ENABLE_OBJC_ARC</key>
				<string>YES</string>
				<key>CLANG_ENABLE_OBJC_WEAK</key>
				<string>YES</string>
				<key>CLANG_WARN_BLOCK_CAPTURE_AUTORELEASING</key>
				<string>YES</string>
				<key>CLANG_WARN_BOOL_CONVERSION</key>
				<string>YES</string>
				<key>CLANG_WARN_COMMA</key>
				<string>YES</string>
				<key>CLANG_WARN_CONSTANT_CONVERSION</key>
				<string>YES</string>
				<key>CLANG_WARN_DEPRECATED_OBJC_IMPLEMENTATIONS</key>
				<string>YES</string>
				<key>CLANG_WARN_DIRECT_OBJC_ISA_USAGE</key>
				<string>YES_ERROR</string>
				<key>CLANG_WARN_DOCUMENTATION_COMMENTS</key>
				<string>YES</string>
				<key>CLANG_WARN_EMPTY_BODY</key>
				<string>YES</string>
				<key>CLANG_WARN_ENUM_CONVERSION</key>
				<string>YES</string>
				<key>CLANG_WARN_INFINITE_RECURSION</key>
				<string>YES</string>
				<key>CLANG_WARN_INT_CONVERSION</key>
				<string>YES</string>
				<key>CLANG_WARN_NON_LITERAL_NULL_CONVERSION</key>
				<string>YES</string>
				<key>CLANG_WARN_OBJC_IMPLICIT_RETAIN_SELF</key>
				<string>YES</string>
				<key>CLANG_WARN_OBJC_LITERAL_CONVERSION</key>
				<string>YES</string>
				<key>CLANG_WARN_OBJC_ROOT_CLASS</key>
				<string>YES_ERROR</string>
				<key>CLANG_WARN_QUOTED_INCLUDE_IN_FRAMEWORK_HEADER</key>
				<string>YES</string>
				<key>CLANG_WARN_RANGE_LOOP_ANALYSIS</key>
				<string>YES</string>
				<key>CLANG_WARN_STRICT_PROTOTYPES</key>
				<string>YES</string>
				<key>CLANG_WARN_SUSPICIOUS_MOVE</key>
				<string>YES</string>
				<key>CLANG_WARN_UNGUARDED_AVAILABILITY</key>
				<string>YES_AGGRESSIVE</string>
				<key>CLANG_WARN_UNREACHABLE_CODE</key>
				<string>YES</string>
				<key>CLANG_WARN__DUPLICATE_METHOD_MATCH</key>
				<string>YES</string>
				<key>COPY_PHASE_STRIP</key>
				<string>NO</string>
				<key>DEBUG_INFORMATION_FORMAT</key>
				<string>dwarf</string>
				<key>ENABLE_STRICT_OBJC_MSGSEND</key>
				<string>YES</string>
				<key>ENABLE_TESTABILITY</key>
				<string>YES</string>
				<key>ENABLE_USER_SCRIPT_SANDBOXING</key>
				<string>YES</string>
				<key>GCC_C_LANGUAGE_STANDARD</key>
				<string>gnu17</string>
				<key>GCC_DYNAMIC_NO_PIC</key>
				<string>NO</string>
				<key>GCC_NO_COMMON_BLOCKS</key>
				<string>YES</string>
				<key>GCC_OPTIMIZATION_LEVEL</key>
				<string>0</string>
				<key>GCC_PREPROCESSOR_DEFINITIONS</key>
				<array>
					<string>DEBUG=1</string>
					<string>$(inherited)</string>
				</array>
				<key>GCC_WARN_64_TO_32_BIT_CONVERSION</key>
				<string>YES</string>
				<key>GCC_WARN_ABOUT_RETURN_TYPE</key>
				<string>YES_ERROR</string>
				<key>GCC_WARN_UNDECLARED_SELECTOR</key>
				<string>YES</string>
				<key>GCC_WARN_UNINITIALIZED_AUTOS</key>
				<string>YES_AGGRESSIVE</string>
				<key>GCC_WARN_UNUSED_FUNCTION</key>
				<string>YES</string>
				<key>GCC_WARN_UNUSED_VARIABLE</key>
				<string>YES</string>
				<key>MACOSX_DEPLOYMENT_TARGET</key>
				<string>14.0</string>
				<key>INFOPLIST_FILE</key>
				<string>Scholar/Info.plist</string>
				<key>MTL_ENABLE_DEBUG_INFO</key>
				<string>INCLUDE_SOURCE</string>
				<key>MTL_FAST_MATH</key>
				<string>YES</string>
				<key>ONLY_ACTIVE_ARCH</key>
				<string>YES</string>
				<key>PRODUCT_BUNDLE_IDENTIFIER</key>
				<string>local.Scholar</string>
				<key>PRODUCT_BUNDLE_PACKAGE_TYPE</key>
				<string>APPL</string>
				<key>PRODUCT_NAME</key>
				<string>$(TARGET_NAME)</string>
				<key>SDKROOT</key>
				<string>macosx</string>
				<key>SWIFT_ACTIVE_COMPILATION_CONDITIONS</key>
				<string>DEBUG $(inherited)</string>
				<key>SWIFT_OPTIMIZATION_LEVEL</key>
				<string>-Onone</string>
				<key>SWIFT_VERSION</key>
				<string>5.0</string>
			</dict>
			<key>name</key>
			<string>Debug</string>
		</dict>
		<key>59CE3865C1F8445DB807025B</key>
		<dict>
			<key>isa</key>
			<string>XCBuildConfiguration</string>
			<key>buildSettings</key>
			<dict>
				<key>ALWAYS_SEARCH_USER_PATHS</key>
				<string>NO</string>
				<key>ASSETCATALOG_COMPILER_APPICON_NAME</key>
				<string>AppIcon</string>
				<key>ASSETCATALOG_COMPILER_GENERATE_SWIFT_ASSET_SYMBOL_EXTENSIONS</key>
				<string>YES</string>
				<key>CLANG_ANALYZER_NONNULL</key>
				<string>YES</string>
				<key>CLANG_ANALYZER_NUMBER_OBJECT_CONVERSION</key>
				<string>YES_AGGRESSIVE</string>
				<key>CLANG_CXX_LANGUAGE_STANDARD</key>
				<string>gnu++20</string>
				<key>CLANG_ENABLE_MODULES</key>
				<string>YES</string>
				<key>CLANG_ENABLE_OBJC_ARC</key>
				<string>YES</string>
				<key>CLANG_ENABLE_OBJC_WEAK</key>
				<string>YES</string>
				<key>CLANG_WARN_BLOCK_CAPTURE_AUTORELEASING</key>
				<string>YES</string>
				<key>CLANG_WARN_BOOL_CONVERSION</key>
				<string>YES</string>
				<key>CLANG_WARN_COMMA</key>
				<string>YES</string>
				<key>CLANG_WARN_CONSTANT_CONVERSION</key>
				<string>YES</string>
				<key>CLANG_WARN_DEPRECATED_OBJC_IMPLEMENTATIONS</key>
				<string>YES</string>
				<key>CLANG_WARN_DIRECT_OBJC_ISA_USAGE</key>
				<string>YES_ERROR</string>
				<key>CLANG_WARN_DOCUMENTATION_COMMENTS</key>
				<string>YES</string>
				<key>CLANG_WARN_EMPTY_BODY</key>
				<string>YES</string>
				<key>CLANG_WARN_ENUM_CONVERSION</key>
				<string>YES</string>
				<key>CLANG_WARN_INFINITE_RECURSION</key>
				<string>YES</string>
				<key>CLANG_WARN_INT_CONVERSION</key>
				<string>YES</string>
				<key>CLANG_WARN_NON_LITERAL_NULL_CONVERSION</key>
				<string>YES</string>
				<key>CLANG_WARN_OBJC_IMPLICIT_RETAIN_SELF</key>
				<string>YES</string>
				<key>CLANG_WARN_OBJC_LITERAL_CONVERSION</key>
				<string>YES</string>
				<key>CLANG_WARN_OBJC_ROOT_CLASS</key>
				<string>YES_ERROR</string>
				<key>CLANG_WARN_QUOTED_INCLUDE_IN_FRAMEWORK_HEADER</key>
				<string>YES</string>
				<key>CLANG_WARN_RANGE_LOOP_ANALYSIS</key>
				<string>YES</string>
				<key>CLANG_WARN_STRICT_PROTOTYPES</key>
				<string>YES</string>
				<key>CLANG_WARN_SUSPICIOUS_MOVE</key>
				<string>YES</string>
				<key>CLANG_WARN_UNGUARDED_AVAILABILITY</key>
				<string>YES_AGGRESSIVE</string>
				<key>CLANG_WARN_UNREACHABLE_CODE</key>
				<string>YES</string>
				<key>CLANG_WARN__DUPLICATE_METHOD_MATCH</key>
				<string>YES</string>
				<key>COPY_PHASE_STRIP</key>
				<string>NO</string>
				<key>DEBUG_INFORMATION_FORMAT</key>
				<string>dwarf-with-dsym</string>
				<key>ENABLE_NS_ASSERTIONS</key>
				<string>NO</string>
				<key>ENABLE_STRICT_OBJC_MSGSEND</key>
				<string>YES</string>
				<key>ENABLE_USER_SCRIPT_SANDBOXING</key>
				<string>YES</string>
				<key>GCC_C_LANGUAGE_STANDARD</key>
				<string>gnu17</string>
				<key>GCC_NO_COMMON_BLOCKS</key>
				<string>YES</string>
				<key>GCC_WARN_64_TO_32_BIT_CONVERSION</key>
				<string>YES</string>
				<key>GCC_WARN_ABOUT_RETURN_TYPE</key>
				<string>YES_ERROR</string>
				<key>GCC_WARN_UNDECLARED_SELECTOR</key>
				<string>YES</string>
				<key>GCC_WARN_UNINITIALIZED_AUTOS</key>
				<string>YES_AGGRESSIVE</string>
				<key>GCC_WARN_UNUSED_FUNCTION</key>
				<string>YES</string>
				<key>GCC_WARN_UNUSED_VARIABLE</key>
				<string>YES</string>
				<key>MACOSX_DEPLOYMENT_TARGET</key>
				<string>14.0</string>
				<key>INFOPLIST_FILE</key>
				<string>Scholar/Info.plist</string>
				<key>MTL_ENABLE_DEBUG_INFO</key>
				<string>NO</string>
				<key>MTL_FAST_MATH</key>
				<string>YES</string>
				<key>PRODUCT_BUNDLE_IDENTIFIER</key>
				<string>local.Scholar</string>
				<key>PRODUCT_BUNDLE_PACKAGE_TYPE</key>
				<string>APPL</string>
				<key>PRODUCT_NAME</key>
				<string>$(TARGET_NAME)</string>
				<key>SDKROOT</key>
				<string>macosx</string>
				<key>SWIFT_COMPILATION_MODE</key>
				<string>wholemodule</string>
				<key>SWIFT_VERSION</key>
				<string>5.0</string>
			</dict>
			<key>name</key>
			<string>Release</string>
		</dict>
		<key>C2088182677E4A45AA351900</key>
		<dict>
			<key>isa</key>
			<string>XCConfigurationList</string>
			<key>buildConfigurations</key>
			<array>
				<string>6A8A40977DB543D29E4D19F8</string>
				<string>59CE3865C1F8445DB807025B</string>
			</array>
			<key>defaultConfigurationIsVisible</key>
			<integer>0</integer>
			<key>defaultConfigurationName</key>
			<string>Release</string>
		</dict>
	</dict>
	<key>rootObject</key>
	<string>6BF52A1E3F254037B1639123</string>
</dict>
</plist>
